
Microsoft Visual Studio Solution File, Format Version 12.00
# Visual Studio Version 17
VisualStudioVersion = 17.6.33723.286
MinimumVisualStudioVersion = 10.0.40219.1
Project("{9A19103F-16F7-4668-BE54-9A1E7A4F7556}") = "TestSocketServer", "TestSocketServer\TestSocketServer.csproj", "{AA129386-6697-4109-B0F8-C749B623344A}"
EndProject
Project("{9A19103F-16F7-4668-BE54-9A1E7A4F7556}") = "TestSocketClient", "TestSocketClient\TestSocketClient.csproj", "{4349B466-AC72-4FE8-8C79-88E92A505FFD}"
EndProject
Global
	GlobalSection(SolutionConfigurationPlatforms) = preSolution
		Debug|Any CPU = Debug|Any CPU
		Release|Any CPU = Release|Any CPU
	EndGlobalSection
	GlobalSection(ProjectConfigurationPlatforms) = postSolution
		{AA129386-6697-4109-B0F8-C749B623344A}.Debug|Any CPU.ActiveCfg = Debug|Any CPU
		{AA129386-6697-4109-B0F8-C749B623344A}.Debug|Any CPU.Build.0 = Debug|Any CPU
		{AA129386-6697-4109-B0F8-C749B623344A}.Release|Any CPU.ActiveCfg = Release|Any CPU
		{AA129386-6697-4109-B0F8-C749B623344A}.Release|Any CPU.Build.0 = Release|Any CPU
		{4349B466-AC72-4FE8-8C79-88E92A505FFD}.Debug|Any CPU.ActiveCfg = Debug|Any CPU
		{4349B466-AC72-4FE8-8C79-88E92A505FFD}.Debug|Any CPU.Build.0 = Debug|Any CPU
		{4349B466-AC72-4FE8-8C79-88E92A505FFD}.Release|Any CPU.ActiveCfg = Release|Any CPU
		{4349B466-AC72-4FE8-8C79-88E92A505FFD}.Release|Any CPU.Build.0 = Release|Any CPU
	EndGlobalSection
	GlobalSection(SolutionProperties) = preSolution
		HideSolutionNode = FALSE
	EndGlobalSection
	GlobalSection(ExtensibilityGlobals) = postSolution
		SolutionGuid = {53B8AC31-8872-4348-B1A6-A52313ED1281}
	EndGlobalSection
EndGlobal
